
Microsoft Visual Studio Solution File, Format Version 12.00
# Visual Studio Version 16
VisualStudioVersion = 16.0.30204.135
MinimumVisualStudioVersion = 10.0.40219.1
Project("{FAE04EC0-301F-11D3-BF4B-00C04F79EFBC}") = "OcelotApiGateway", "OcelotApiGateway\OcelotApiGateway.csproj", "{90862D1A-D86D-4464-AF5B-A69095846788}"
EndProject
Project("{FAE04EC0-301F-11D3-BF4B-00C04F79EFBC}") = "CustomerManagementApi", "CustomerManagementApi\CustomerManagementApi.csproj", "{1F404CA3-B69C-4824-BF4D-0E40B472EE36}"
EndProject
Project("{FAE04EC0-301F-11D3-BF4B-00C04F79EFBC}") = "MarketingManagementApi", "MarketingManagementApi\MarketingManagementApi.csproj", "{914622CB-AFB7-4C1D-A8CF-F388435987CA}"
EndProject
Global
	GlobalSection(SolutionConfigurationPlatforms) = preSolution
		Debug|Any CPU = Debug|Any CPU
		Release|Any CPU = Release|Any CPU
	EndGlobalSection
	GlobalSection(ProjectConfigurationPlatforms) = postSolution
		{90862D1A-D86D-4464-AF5B-A69095846788}.Debug|Any CPU.ActiveCfg = Debug|Any CPU
		{90862D1A-D86D-4464-AF5B-A69095846788}.Debug|Any CPU.Build.0 = Debug|Any CPU
		{90862D1A-D86D-4464-AF5B-A69095846788}.Release|Any CPU.ActiveCfg = Release|Any CPU
		{90862D1A-D86D-4464-AF5B-A69095846788}.Release|Any CPU.Build.0 = Release|Any CPU
		{1F404CA3-B69C-4824-BF4D-0E40B472EE36}.Debug|Any CPU.ActiveCfg = Debug|Any CPU
		{1F404CA3-B69C-4824-BF4D-0E40B472EE36}.Debug|Any CPU.Build.0 = Debug|Any CPU
		{1F404CA3-B69C-4824-BF4D-0E40B472EE36}.Release|Any CPU.ActiveCfg = Release|Any CPU
		{1F404CA3-B69C-4824-BF4D-0E40B472EE36}.Release|Any CPU.Build.0 = Release|Any CPU
		{914622CB-AFB7-4C1D-A8CF-F388435987CA}.Debug|Any CPU.ActiveCfg = Debug|Any CPU
		{914622CB-AFB7-4C1D-A8CF-F388435987CA}.Debug|Any CPU.Build.0 = Debug|Any CPU
		{914622CB-AFB7-4C1D-A8CF-F388435987CA}.Release|Any CPU.ActiveCfg = Release|Any CPU
		{914622CB-AFB7-4C1D-A8CF-F388435987CA}.Release|Any CPU.Build.0 = Release|Any CPU
	EndGlobalSection
	GlobalSection(SolutionProperties) = preSolution
		HideSolutionNode = FALSE
	EndGlobalSection
	GlobalSection(ExtensibilityGlobals) = postSolution
		SolutionGuid = {B5019A93-E698-4CEA-972E-0280A8180F37}
	EndGlobalSection
EndGlobal
